// !$*UTF8*$!
{
	archiveVersion = 1;
	classes = {
	};
	objectVersion = 56;
	objects = {

/* Begin PBXBuildFile section */
		3F87ADD82C29A26500113521 /* swiftDemoApp.swift in Sources */ = {isa = PBXBuildFile; fileRef = 3F87ADD72C29A26500113521 /* swiftDemoApp.swift */; };
		3F87ADDA2C29A26500113521 /* ContentView.swift in Sources */ = {isa = PBXBuildFile; fileRef = 3F87ADD92C29A26500113521 /* ContentView.swift */; };
		3F87ADDC2C29A26600113521 /* Assets.xcassets in Resources */ = {isa = PBXBuildFile; fileRef = 3F87ADDB2C29A26600113521 /* Assets.xcassets */; };
		3F87ADE02C29A26600113521 /* Preview Assets.xcassets in Resources */ = {isa = PBXBuildFile; fileRef = 3F87ADDF2C29A26600113521 /* Preview Assets.xcassets */; };
		3F87ADEA2C29A26600113521 /* swiftDemoTests.swift in Sources */ = {isa = PBXBuildFile; fileRef = 3F87ADE92C29A26600113521 /* swiftDemoTests.swift */; };
		3F87ADF42C29A26600113521 /* swiftDemoUITests.swift in Sources */ = {isa = PBXBuildFile; fileRef = 3F87ADF32C29A26600113521 /* swiftDemoUITests.swift */; };
		3F87ADF62C29A26600113521 /* swiftDemoUITestsLaunchTests.swift in Sources */ = {isa = PBXBuildFile; fileRef = 3F87ADF52C29A26600113521 /* swiftDemoUITestsLaunchTests.swift */; };
		7FE74C05FC887DB66CC68058 /* Pods_swiftDemo_swiftDemoUITests.framework in Frameworks */ = {isa = PBXBuildFile; fileRef = DAD5B68C14C5CE1E5C8A6617 /* Pods_swiftDemo_swiftDemoUITests.framework */; };
		957FD7040E5E43930C36993C /* Pods_swiftDemoTests.framework in Frameworks */ = {isa = PBXBuildFile; fileRef = C5FDCDF907213519A2964FF6 /* Pods_swiftDemoTests.framework */; };
		D4D583F462DAFD912C7C5A4D /* Pods_swiftDemo.framework in Frameworks */ = {isa = PBXBuildFile; fileRef = 81967202EB8D6701508C4459 /* Pods_swiftDemo.framework */; };
/* End PBXBuildFile section */

/* Begin PBXContainerItemProxy section */
		3F87ADE62C29A26600113521 /* PBXContainerItemProxy */ = {
			isa = PBXContainerItemProxy;
			containerPortal = 3F87ADCC2C29A26500113521 /* Project object */;
			proxyType = 1;
			remoteGlobalIDString = 3F87ADD32C29A26500113521;
			remoteInfo = swiftDemo;
		};
		3F87ADF02C29A26600113521 /* PBXContainerItemProxy */ = {
			isa = PBXContainerItemProxy;
			containerPortal = 3F87ADCC2C29A26500113521 /* Project object */;
			proxyType = 1;
			remoteGlobalIDString = 3F87ADD32C29A26500113521;
			remoteInfo = swiftDemo;
		};
/* End PBXContainerItemProxy section */

/* Begin PBXFileReference section */
		3F87ADD42C29A26500113521 /* swiftDemo.app */ = {isa = PBXFileReference; explicitFileType = wrapper.application; includeInIndex = 0; path = swiftDemo.app; sourceTree = BUILT_PRODUCTS_DIR; };
		3F87ADD72C29A26500113521 /* swiftDemoApp.swift */ = {isa = PBXFileReference; lastKnownFileType = sourcecode.swift; path = swiftDemoApp.swift; sourceTree = "<group>"; };
		3F87ADD92C29A26500113521 /* ContentView.swift */ = {isa = PBXFileReference; lastKnownFileType = sourcecode.swift; path = ContentView.swift; sourceTree = "<group>"; };
		3F87ADDB2C29A26600113521 /* Assets.xcassets */ = {isa = PBXFileReference; lastKnownFileType = folder.assetcatalog; path = Assets.xcassets; sourceTree = "<group>"; };
		3F87ADDD2C29A26600113521 /* swiftDemo.entitlements */ = {isa = PBXFileReference; lastKnownFileType = text.plist.entitlements; path = swiftDemo.entitlements; sourceTree = "<group>"; };
		3F87ADDF2C29A26600113521 /* Preview Assets.xcassets */ = {isa = PBXFileReference; lastKnownFileType = folder.assetcatalog; path = "Preview Assets.xcassets"; sourceTree = "<group>"; };
		3F87ADE52C29A26600113521 /* swiftDemoTests.xctest */ = {isa = PBXFileReference; explicitFileType = wrapper.cfbundle; includeInIndex = 0; path = swiftDemoTests.xctest; sourceTree = BUILT_PRODUCTS_DIR; };
		3F87ADE92C29A26600113521 /* swiftDemoTests.swift */ = {isa = PBXFileReference; lastKnownFileType = sourcecode.swift; path = swiftDemoTests.swift; sourceTree = "<group>"; };
		3F87ADEF2C29A26600113521 /* swiftDemoUITests.xctest */ = {isa = PBXFileReference; explicitFileType = wrapper.cfbundle; includeInIndex = 0; path = swiftDemoUITests.xctest; sourceTree = BUILT_PRODUCTS_DIR; };
		3F87ADF32C29A26600113521 /* swiftDemoUITests.swift */ = {isa = PBXFileReference; lastKnownFileType = sourcecode.swift; path = swiftDemoUITests.swift; sourceTree = "<group>"; };
		3F87ADF52C29A26600113521 /* swiftDemoUITestsLaunchTests.swift */ = {isa = PBXFileReference; lastKnownFileType = sourcecode.swift; path = swiftDemoUITestsLaunchTests.swift; sourceTree = "<group>"; };
		747AD9A6DCB633A134AC7B9A /* Pods-swiftDemo-swiftDemoUITests.debug.xcconfig */ = {isa = PBXFileReference; includeInIndex = 1; lastKnownFileType = text.xcconfig; name = "Pods-swiftDemo-swiftDemoUITests.debug.xcconfig"; path = "Target Support Files/Pods-swiftDemo-swiftDemoUITests/Pods-swiftDemo-swiftDemoUITests.debug.xcconfig"; sourceTree = "<group>"; };
		7B179649BBCAE4AA9F0C4045 /* Pods-swiftDemo-swiftDemoUITests.release.xcconfig */ = {isa = PBXFileReference; includeInIndex = 1; lastKnownFileType = text.xcconfig; name = "Pods-swiftDemo-swiftDemoUITests.release.xcconfig"; path = "Target Support Files/Pods-swiftDemo-swiftDemoUITests/Pods-swiftDemo-swiftDemoUITests.release.xcconfig"; sourceTree = "<group>"; };
		81967202EB8D6701508C4459 /* Pods_swiftDemo.framework */ = {isa = PBXFileReference; explicitFileType = wrapper.framework; includeInIndex = 0; path = Pods_swiftDemo.framework; sourceTree = BUILT_PRODUCTS_DIR; };
		BC6886D9354DD919C7BEF756 /* Pods-swiftDemoTests.release.xcconfig */ = {isa = PBXFileReference; includeInIndex = 1; lastKnownFileType = text.xcconfig; name = "Pods-swiftDemoTests.release.xcconfig"; path = "Target Support Files/Pods-swiftDemoTests/Pods-swiftDemoTests.release.xcconfig"; sourceTree = "<group>"; };
		C210F3ADB30E6241BEA33157 /* Pods-swiftDemo.release.xcconfig */ = {isa = PBXFileReference; includeInIndex = 1; lastKnownFileType = text.xcconfig; name = "Pods-swiftDemo.release.xcconfig"; path = "Target Support Files/Pods-swiftDemo/Pods-swiftDemo.release.xcconfig"; sourceTree = "<group>"; };
		C5FDCDF907213519A2964FF6 /* Pods_swiftDemoTests.framework */ = {isa = PBXFileReference; explicitFileType = wrapper.framework; includeInIndex = 0; path = Pods_swiftDemoTests.framework; sourceTree = BUILT_PRODUCTS_DIR; };
		DAD5B68C14C5CE1E5C8A6617 /* Pods_swiftDemo_swiftDemoUITests.framework */ = {isa = PBXFileReference; explicitFileType = wrapper.framework; includeInIndex = 0; path = Pods_swiftDemo_swiftDemoUITests.framework; sourceTree = BUILT_PRODUCTS_DIR; };
		DDDA2A94D50834668AC712DD /* Pods-swiftDemoTests.debug.xcconfig */ = {isa = PBXFileReference; includeInIndex = 1; lastKnownFileType = text.xcconfig; name = "Pods-swiftDemoTests.debug.xcconfig"; path = "Target Support Files/Pods-swiftDemoTests/Pods-swiftDemoTests.debug.xcconfig"; sourceTree = "<group>"; };
		E77D272E14D1174FEAE50A34 /* Pods-swiftDemo.debug.xcconfig */ = {isa = PBXFileReference; includeInIndex = 1; lastKnownFileType = text.xcconfig; name = "Pods-swiftDemo.debug.xcconfig"; path = "Target Support Files/Pods-swiftDemo/Pods-swiftDemo.debug.xcconfig"; sourceTree = "<group>"; };
/* End PBXFileReference section */

/* Begin PBXFrameworksBuildPhase section */
		3F87ADD12C29A26500113521 /* Frameworks */ = {
			isa = PBXFrameworksBuildPhase;
			buildActionMask = 2147483647;
			files = (
				D4D583F462DAFD912C7C5A4D /* Pods_swiftDemo.framework in Frameworks */,
			);
			runOnlyForDeploymentPostprocessing = 0;
		};
		3F87ADE22C29A26600113521 /* Frameworks */ = {
			isa = PBXFrameworksBuildPhase;
			buildActionMask = 2147483647;
			files = (
				957FD7040E5E43930C36993C /* Pods_swiftDemoTests.framework in Frameworks */,
			);
			runOnlyForDeploymentPostprocessing = 0;
		};
		3F87ADEC2C29A26600113521 /* Frameworks */ = {
			isa = PBXFrameworksBuildPhase;
			buildActionMask = 2147483647;
			files = (
				7FE74C05FC887DB66CC68058 /* Pods_swiftDemo_swiftDemoUITests.framework in Frameworks */,
			);
			runOnlyForDeploymentPostprocessing = 0;
		};
/* End PBXFrameworksBuildPhase section */

/* Begin PBXGroup section */
		30E284437367BC027DFA7E84 /* Frameworks */ = {
			isa = PBXGroup;
			children = (
				81967202EB8D6701508C4459 /* Pods_swiftDemo.framework */,
				DAD5B68C14C5CE1E5C8A6617 /* Pods_swiftDemo_swiftDemoUITests.framework */,
				C5FDCDF907213519A2964FF6 /* Pods_swiftDemoTests.framework */,
			);
			name = Frameworks;
			sourceTree = "<group>";
		};
		3F87ADCB2C29A26500113521 = {
			isa = PBXGroup;
			children = (
				3F87ADD62C29A26500113521 /* swiftDemo */,
				3F87ADE82C29A26600113521 /* swiftDemoTests */,
				3F87ADF22C29A26600113521 /* swiftDemoUITests */,
				3F87ADD52C29A26500113521 /* Products */,
				AD05113F87B92DDBBA88BA86 /* Pods */,
				30E284437367BC027DFA7E84 /* Frameworks */,
			);
			sourceTree = "<group>";
		};
		3F87ADD52C29A26500113521 /* Products */ = {
			isa = PBXGroup;
			children = (
				3F87ADD42C29A26500113521 /* swiftDemo.app */,
				3F87ADE52C29A26600113521 /* swiftDemoTests.xctest */,
				3F87ADEF2C29A26600113521 /* swiftDemoUITests.xctest */,
			);
			name = Products;
			sourceTree = "<group>";
		};
		3F87ADD62C29A26500113521 /* swiftDemo */ = {
			isa = PBXGroup;
			children = (
				3F87ADD72C29A26500113521 /* swiftDemoApp.swift */,
				3F87ADD92C29A26500113521 /* ContentView.swift */,
				3F87ADDB2C29A26600113521 /* Assets.xcassets */,
				3F87ADDD2C29A26600113521 /* swiftDemo.entitlements */,
				3F87ADDE2C29A26600113521 /* Preview Content */,
			);
			path = swiftDemo;
			sourceTree = "<group>";
		};
		3F87ADDE2C29A26600113521 /* Preview Content */ = {
			isa = PBXGroup;
			children = (
				3F87ADDF2C29A26600113521 /* Preview Assets.xcassets */,
			);
			path = "Preview Content";
			sourceTree = "<group>";
		};
		3F87ADE82C29A26600113521 /* swiftDemoTests */ = {
			isa = PBXGroup;
			children = (
				3F87ADE92C29A26600113521 /* swiftDemoTests.swift */,
			);
			path = swiftDemoTests;
			sourceTree = "<group>";
		};
		3F87ADF22C29A26600113521 /* swiftDemoUITests */ = {
			isa = PBXGroup;
			children = (
				3F87ADF32C29A26600113521 /* swiftDemoUITests.swift */,
				3F87ADF52C29A26600113521 /* swiftDemoUITestsLaunchTests.swift */,
			);
			path = swiftDemoUITests;
			sourceTree = "<group>";
		};
		AD05113F87B92DDBBA88BA86 /* Pods */ = {
			isa = PBXGroup;
			children = (
				E77D272E14D1174FEAE50A34 /* Pods-swiftDemo.debug.xcconfig */,
				C210F3ADB30E6241BEA33157 /* Pods-swiftDemo.release.xcconfig */,
				747AD9A6DCB633A134AC7B9A /* Pods-swiftDemo-swiftDemoUITests.debug.xcconfig */,
				7B179649BBCAE4AA9F0C4045 /* Pods-swiftDemo-swiftDemoUITests.release.xcconfig */,
				DDDA2A94D50834668AC712DD /* Pods-swiftDemoTests.debug.xcconfig */,
				BC6886D9354DD919C7BEF756 /* Pods-swiftDemoTests.release.xcconfig */,
			);
			name = Pods;
			path = Pods;
			sourceTree = "<group>";
		};
/* End PBXGroup section */

/* Begin PBXNativeTarget section */
		3F87ADD32C29A26500113521 /* swiftDemo */ = {
			isa = PBXNativeTarget;
			buildConfigurationList = 3F87ADF92C29A26600113521 /* Build configuration list for PBXNativeTarget "swiftDemo" */;
			buildPhases = (
				3BBBB45EAEA886B85FDF7DC7 /* [CP] Check Pods Manifest.lock */,
				3F87ADD02C29A26500113521 /* Sources */,
				3F87ADD12C29A26500113521 /* Frameworks */,
				3F87ADD22C29A26500113521 /* Resources */,
				15045167F5FC5BBE8B09FAF5 /* [CP] Embed Pods Frameworks */,
			);
			buildRules = (
			);
			dependencies = (
			);
			name = swiftDemo;
			productName = swiftDemo;
			productReference = 3F87ADD42C29A26500113521 /* swiftDemo.app */;
			productType = "com.apple.product-type.application";
		};
		3F87ADE42C29A26600113521 /* swiftDemoTests */ = {
			isa = PBXNativeTarget;
			buildConfigurationList = 3F87ADFC2C29A26600113521 /* Build configuration list for PBXNativeTarget "swiftDemoTests" */;
			buildPhases = (
				EDF93746329C37B23CFCD5E0 /* [CP] Check Pods Manifest.lock */,
				3F87ADE12C29A26600113521 /* Sources */,
				3F87ADE22C29A26600113521 /* Frameworks */,
				3F87ADE32C29A26600113521 /* Resources */,
			);
			buildRules = (
			);
			dependencies = (
				3F87ADE72C29A26600113521 /* PBXTargetDependency */,
			);
			name = swiftDemoTests;
			productName = swiftDemoTests;
			productReference = 3F87ADE52C29A26600113521 /* swiftDemoTests.xctest */;
			productType = "com.apple.product-type.bundle.unit-test";
		};
		3F87ADEE2C29A26600113521 /* swiftDemoUITests */ = {
			isa = PBXNativeTarget;
			buildConfigurationList = 3F87ADFF2C29A26600113521 /* Build configuration list for PBXNativeTarget "swiftDemoUITests" */;
			buildPhases = (
				B3CCD38AD0A8108468029297 /* [CP] Check Pods Manifest.lock */,
				3F87ADEB2C29A26600113521 /* Sources */,
				3F87ADEC2C29A26600113521 /* Frameworks */,
				3F87ADED2C29A26600113521 /* Resources */,
				D109EA0D9D9323C38156CCB4 /* [CP] Embed Pods Frameworks */,
			);
			buildRules = (
			);
			dependencies = (
				3F87ADF12C29A26600113521 /* PBXTargetDependency */,
			);
			name = swiftDemoUITests;
			productName = swiftDemoUITests;
			productReference = 3F87ADEF2C29A26600113521 /* swiftDemoUITests.xctest */;
			productType = "com.apple.product-type.bundle.ui-testing";
		};
/* End PBXNativeTarget section */

/* Begin PBXProject section */
		3F87ADCC2C29A26500113521 /* Project object */ = {
			isa = PBXProject;
			attributes = {
				BuildIndependentTargetsInParallel = 1;
				LastSwiftUpdateCheck = 1540;
				LastUpgradeCheck = 1540;
				TargetAttributes = {
					3F87ADD32C29A26500113521 = {
						CreatedOnToolsVersion = 15.4;
					};
					3F87ADE42C29A26600113521 = {
						CreatedOnToolsVersion = 15.4;
						TestTargetID = 3F87ADD32C29A26500113521;
					};
					3F87ADEE2C29A26600113521 = {
						CreatedOnToolsVersion = 15.4;
						TestTargetID = 3F87ADD32C29A26500113521;
					};
				};
			};
			buildConfigurationList = 3F87ADCF2C29A26500113521 /* Build configuration list for PBXProject "swiftDemo" */;
			compatibilityVersion = "Xcode 14.0";
			developmentRegion = en;
			hasScannedForEncodings = 0;
			knownRegions = (
				en,
				Base,
			);
			mainGroup = 3F87ADCB2C29A26500113521;
			productRefGroup = 3F87ADD52C29A26500113521 /* Products */;
			projectDirPath = "";
			projectRoot = "";
			targets = (
				3F87ADD32C29A26500113521 /* swiftDemo */,
				3F87ADE42C29A26600113521 /* swiftDemoTests */,
				3F87ADEE2C29A26600113521 /* swiftDemoUITests */,
			);
		};
/* End PBXProject section */

/* Begin PBXResourcesBuildPhase section */
		3F87ADD22C29A26500113521 /* Resources */ = {
			isa = PBXResourcesBuildPhase;
			buildActionMask = 2147483647;
			files = (
				3F87ADE02C29A26600113521 /* Preview Assets.xcassets in Resources */,
				3F87ADDC2C29A26600113521 /* Assets.xcassets in Resources */,
			);
			runOnlyForDeploymentPostprocessing = 0;
		};
		3F87ADE32C29A26600113521 /* Resources */ = {
			isa = PBXResourcesBuildPhase;
			buildActionMask = 2147483647;
			files = (
			);
			runOnlyForDeploymentPostprocessing = 0;
		};
		3F87ADED2C29A26600113521 /* Resources */ = {
			isa = PBXResourcesBuildPhase;
			buildActionMask = 2147483647;
			files = (
			);
			runOnlyForDeploymentPostprocessing = 0;
		};
/* End PBXResourcesBuildPhase section */

/* Begin PBXShellScriptBuildPhase section */
		15045167F5FC5BBE8B09FAF5 /* [CP] Embed Pods Frameworks */ = {
			isa = PBXShellScriptBuildPhase;
			buildActionMask = 2147483647;
			files = (
			);
			inputFileListPaths = (
				"${PODS_ROOT}/Target Support Files/Pods-swiftDemo/Pods-swiftDemo-frameworks-${CONFIGURATION}-input-files.xcfilelist",
			);
			name = "[CP] Embed Pods Frameworks";
			outputFileListPaths = (
				"${PODS_ROOT}/Target Support Files/Pods-swiftDemo/Pods-swiftDemo-frameworks-${CONFIGURATION}-output-files.xcfilelist",
			);
			runOnlyForDeploymentPostprocessing = 0;
			shellPath = /bin/sh;
			shellScript = "\"${PODS_ROOT}/Target Support Files/Pods-swiftDemo/Pods-swiftDemo-frameworks.sh\"\n";
			showEnvVarsInLog = 0;
		};
		3BBBB45EAEA886B85FDF7DC7 /* [CP] Check Pods Manifest.lock */ = {
			isa = PBXShellScriptBuildPhase;
			buildActionMask = 2147483647;
			files = (
			);
			inputFileListPaths = (
			);
			inputPaths = (
				"${PODS_PODFILE_DIR_PATH}/Podfile.lock",
				"${PODS_ROOT}/Manifest.lock",
			);
			name = "[CP] Check Pods Manifest.lock";
			outputFileListPaths = (
			);
			outputPaths = (
				"$(DERIVED_FILE_DIR)/Pods-swiftDemo-checkManifestLockResult.txt",
			);
			runOnlyForDeploymentPostprocessing = 0;
			shellPath = /bin/sh;
			shellScript = "diff \"${PODS_PODFILE_DIR_PATH}/Podfile.lock\" \"${PODS_ROOT}/Manifest.lock\" > /dev/null\nif [ $? != 0 ] ; then\n    # print error to STDERR\n    echo \"error: The sandbox is not in sync with the Podfile.lock. Run 'pod install' or update your CocoaPods installation.\" >&2\n    exit 1\nfi\n# This output is used by Xcode 'outputs' to avoid re-running this script phase.\necho \"SUCCESS\" > \"${SCRIPT_OUTPUT_FILE_0}\"\n";
			showEnvVarsInLog = 0;
		};
		B3CCD38AD0A8108468029297 /* [CP] Check Pods Manifest.lock */ = {
			isa = PBXShellScriptBuildPhase;
			buildActionMask = 2147483647;
			files = (
			);
			inputFileListPaths = (
			);
			inputPaths = (
				"${PODS_PODFILE_DIR_PATH}/Podfile.lock",
				"${PODS_ROOT}/Manifest.lock",
			);
			name = "[CP] Check Pods Manifest.lock";
			outputFileListPaths = (
			);
			outputPaths = (
				"$(DERIVED_FILE_DIR)/Pods-swiftDemo-swiftDemoUITests-checkManifestLockResult.txt",
			);
			runOnlyForDeploymentPostprocessing = 0;
			shellPath = /bin/sh;
			shellScript = "diff \"${PODS_PODFILE_DIR_PATH}/Podfile.lock\" \"${PODS_ROOT}/Manifest.lock\" > /dev/null\nif [ $? != 0 ] ; then\n    # print error to STDERR\n    echo \"error: The sandbox is not in sync with the Podfile.lock. Run 'pod install' or update your CocoaPods installation.\" >&2\n    exit 1\nfi\n# This output is used by Xcode 'outputs' to avoid re-running this script phase.\necho \"SUCCESS\" > \"${SCRIPT_OUTPUT_FILE_0}\"\n";
			showEnvVarsInLog = 0;
		};
		D109EA0D9D9323C38156CCB4 /* [CP] Embed Pods Frameworks */ = {
			isa = PBXShellScriptBuildPhase;
			buildActionMask = 2147483647;
			files = (
			);
			inputFileListPaths = (
				"${PODS_ROOT}/Target Support Files/Pods-swiftDemo-swiftDemoUITests/Pods-swiftDemo-swiftDemoUITests-frameworks-${CONFIGURATION}-input-files.xcfilelist",
			);
			name = "[CP] Embed Pods Frameworks";
			outputFileListPaths = (
				"${PODS_ROOT}/Target Support Files/Pods-swiftDemo-swiftDemoUITests/Pods-swiftDemo-swiftDemoUITests-frameworks-${CONFIGURATION}-output-files.xcfilelist",
			);
			runOnlyForDeploymentPostprocessing = 0;
			shellPath = /bin/sh;
			shellScript = "\"${PODS_ROOT}/Target Support Files/Pods-swiftDemo-swiftDemoUITests/Pods-swiftDemo-swiftDemoUITests-frameworks.sh\"\n";
			showEnvVarsInLog = 0;
		};
		EDF93746329C37B23CFCD5E0 /* [CP] Check Pods Manifest.lock */ = {
			isa = PBXShellScriptBuildPhase;
			buildActionMask = 2147483647;
			files = (
			);
			inputFileListPaths = (
			);
			inputPaths = (
				"${PODS_PODFILE_DIR_PATH}/Podfile.lock",
				"${PODS_ROOT}/Manifest.lock",
			);
			name = "[CP] Check Pods Manifest.lock";
			outputFileListPaths = (
			);
			outputPaths = (
				"$(DERIVED_FILE_DIR)/Pods-swiftDemoTests-checkManifestLockResult.txt",
			);
			runOnlyForDeploymentPostprocessing = 0;
			shellPath = /bin/sh;
			shellScript = "diff \"${PODS_PODFILE_DIR_PATH}/Podfile.lock\" \"${PODS_ROOT}/Manifest.lock\" > /dev/null\nif [ $? != 0 ] ; then\n    # print error to STDERR\n    echo \"error: The sandbox is not in sync with the Podfile.lock. Run 'pod install' or update your CocoaPods installation.\" >&2\n    exit 1\nfi\n# This output is used by Xcode 'outputs' to avoid re-running this script phase.\necho \"SUCCESS\" > \"${SCRIPT_OUTPUT_FILE_0}\"\n";
			showEnvVarsInLog = 0;
		};
/* End PBXShellScriptBuildPhase section */

/* Begin PBXSourcesBuildPhase section */
		3F87ADD02C29A26500113521 /* Sources */ = {
			isa = PBXSourcesBuildPhase;
			buildActionMask = 2147483647;
			files = (
				3F87ADDA2C29A26500113521 /* ContentView.swift in Sources */,
				3F87ADD82C29A26500113521 /* swiftDemoApp.swift in Sources */,
			);
			runOnlyForDeploymentPostprocessing = 0;
		};
		3F87ADE12C29A26600113521 /* Sources */ = {
			isa = PBXSourcesBuildPhase;
			buildActionMask = 2147483647;
			files = (
				3F87ADEA2C29A26600113521 /* swiftDemoTests.swift in Sources */,
			);
			runOnlyForDeploymentPostprocessing = 0;
		};
		3F87ADEB2C29A26600113521 /* Sources */ = {
			isa = PBXSourcesBuildPhase;
			buildActionMask = 2147483647;
			files = (
				3F87ADF42C29A26600113521 /* swiftDemoUITests.swift in Sources */,
				3F87ADF62C29A26600113521 /* swiftDemoUITestsLaunchTests.swift in Sources */,
			);
			runOnlyForDeploymentPostprocessing = 0;
		};
/* End PBXSourcesBuildPhase section */

/* Begin PBXTargetDependency section */
		3F87ADE72C29A26600113521 /* PBXTargetDependency */ = {
			isa = PBXTargetDependency;
			target = 3F87ADD32C29A26500113521 /* swiftDemo */;
			targetProxy = 3F87ADE62C29A26600113521 /* PBXContainerItemProxy */;
		};
		3F87ADF12C29A26600113521 /* PBXTargetDependency */ = {
			isa = PBXTargetDependency;
			target = 3F87ADD32C29A26500113521 /* swiftDemo */;
			targetProxy = 3F87ADF02C29A26600113521 /* PBXContainerItemProxy */;
		};
/* End PBXTargetDependency section */

/* Begin XCBuildConfiguration section */
		3F87ADF72C29A26600113521 /* Debug */ = {
			isa = XCBuildConfiguration;
			buildSettings = {
				ALWAYS_SEARCH_USER_PATHS = NO;
				ASSETCATALOG_COMPILER_GENERATE_SWIFT_ASSET_SYMBOL_EXTENSIONS = YES;
				CLANG_ANALYZER_NONNULL = YES;
				CLANG_ANALYZER_NUMBER_OBJECT_CONVERSION = YES_AGGRESSIVE;
				CLANG_CXX_LANGUAGE_STANDARD = "gnu++20";
				CLANG_ENABLE_MODULES = YES;
				CLANG_ENABLE_OBJC_ARC = YES;
				CLANG_ENABLE_OBJC_WEAK = YES;
				CLANG_WARN_BLOCK_CAPTURE_AUTORELEASING = YES;
				CLANG_WARN_BOOL_CONVERSION = YES;
				CLANG_WARN_COMMA = YES;
				CLANG_WARN_CONSTANT_CONVERSION = YES;
				CLANG_WARN_DEPRECATED_OBJC_IMPLEMENTATIONS = YES;
				CLANG_WARN_DIRECT_OBJC_ISA_USAGE = YES_ERROR;
				CLANG_WARN_DOCUMENTATION_COMMENTS = YES;
				CLANG_WARN_EMPTY_BODY = YES;
				CLANG_WARN_ENUM_CONVERSION = YES;
				CLANG_WARN_INFINITE_RECURSION = YES;
				CLANG_WARN_INT_CONVERSION = YES;
				CLANG_WARN_NON_LITERAL_NULL_CONVERSION = YES;
				CLANG_WARN_OBJC_IMPLICIT_RETAIN_SELF = YES;
				CLANG_WARN_OBJC_LITERAL_CONVERSION = YES;
				CLANG_WARN_OBJC_ROOT_CLASS = YES_ERROR;
				CLANG_WARN_QUOTED_INCLUDE_IN_FRAMEWORK_HEADER = YES;
				CLANG_WARN_RANGE_LOOP_ANALYSIS = YES;
				CLANG_WARN_STRICT_PROTOTYPES = YES;
				CLANG_WARN_SUSPICIOUS_MOVE = YES;
				CLANG_WARN_UNGUARDED_AVAILABILITY = YES_AGGRESSIVE;
				CLANG_WARN_UNREACHABLE_CODE = YES;
				CLANG_WARN__DUPLICATE_METHOD_MATCH = YES;
				COPY_PHASE_STRIP = NO;
				DEBUG_INFORMATION_FORMAT = dwarf;
				ENABLE_STRICT_OBJC_MSGSEND = YES;
				ENABLE_TESTABILITY = YES;
				ENABLE_USER_SCRIPT_SANDBOXING = YES;
				GCC_C_LANGUAGE_STANDARD = gnu17;
				GCC_DYNAMIC_NO_PIC = NO;
				GCC_NO_COMMON_BLOCKS = YES;
				GCC_OPTIMIZATION_LEVEL = 0;
				GCC_PREPROCESSOR_DEFINITIONS = (
					"DEBUG=1",
					"$(inherited)",
				);
				GCC_WARN_64_TO_32_BIT_CONVERSION = YES;
				GCC_WARN_ABOUT_RETURN_TYPE = YES_ERROR;
				GCC_WARN_UNDECLARED_SELECTOR = YES;
				GCC_WARN_UNINITIALIZED_AUTOS = YES_AGGRESSIVE;
				GCC_WARN_UNUSED_FUNCTION = YES;
				GCC_WARN_UNUSED_VARIABLE = YES;
				LOCALIZATION_PREFERS_STRING_CATALOGS = YES;
				MTL_ENABLE_DEBUG_INFO = INCLUDE_SOURCE;
				MTL_FAST_MATH = YES;
				ONLY_ACTIVE_ARCH = YES;
				SWIFT_ACTIVE_COMPILATION_CONDITIONS = "DEBUG $(inherited)";
				SWIFT_OPTIMIZATION_LEVEL = "-Onone";
			};
			name = Debug;
		};
		3F87ADF82C29A26600113521 /* Release */ = {
			isa = XCBuildConfiguration;
			buildSettings = {
				ALWAYS_SEARCH_USER_PATHS = NO;
				ASSETCATALOG_COMPILER_GENERATE_SWIFT_ASSET_SYMBOL_EXTENSIONS = YES;
				CLANG_ANALYZER_NONNULL = YES;
				CLANG_ANALYZER_NUMBER_OBJECT_CONVERSION = YES_AGGRESSIVE;
				CLANG_CXX_LANGUAGE_STANDARD = "gnu++20";
				CLANG_ENABLE_MODULES = YES;
				CLANG_ENABLE_OBJC_ARC = YES;
				CLANG_ENABLE_OBJC_WEAK = YES;
				CLANG_WARN_BLOCK_CAPTURE_AUTORELEASING = YES;
				CLANG_WARN_BOOL_CONVERSION = YES;
				CLANG_WARN_COMMA = YES;
				CLANG_WARN_CONSTANT_CONVERSION = YES;
				CLANG_WARN_DEPRECATED_OBJC_IMPLEMENTATIONS = YES;
				CLANG_WARN_DIRECT_OBJC_ISA_USAGE = YES_ERROR;
				CLANG_WARN_DOCUMENTATION_COMMENTS = YES;
				CLANG_WARN_EMPTY_BODY = YES;
				CLANG_WARN_ENUM_CONVERSION = YES;
				CLANG_WARN_INFINITE_RECURSION = YES;
				CLANG_WARN_INT_CONVERSION = YES;
				CLANG_WARN_NON_LITERAL_NULL_CONVERSION = YES;
				CLANG_WARN_OBJC_IMPLICIT_RETAIN_SELF = YES;
				CLANG_WARN_OBJC_LITERAL_CONVERSION = YES;
				CLANG_WARN_OBJC_ROOT_CLASS = YES_ERROR;
				CLANG_WARN_QUOTED_INCLUDE_IN_FRAMEWORK_HEADER = YES;
				CLANG_WARN_RANGE_LOOP_ANALYSIS = YES;
				CLANG_WARN_STRICT_PROTOTYPES = YES;
				CLANG_WARN_SUSPICIOUS_MOVE = YES;
				CLANG_WARN_UNGUARDED_AVAILABILITY = YES_AGGRESSIVE;
				CLANG_WARN_UNREACHABLE_CODE = YES;
				CLANG_WARN__DUPLICATE_METHOD_MATCH = YES;
				COPY_PHASE_STRIP = NO;
				DEBUG_INFORMATION_FORMAT = "dwarf-with-dsym";
				ENABLE_NS_ASSERTIONS = NO;
				ENABLE_STRICT_OBJC_MSGSEND = YES;
				ENABLE_USER_SCRIPT_SANDBOXING = YES;
				GCC_C_LANGUAGE_STANDARD = gnu17;
				GCC_NO_COMMON_BLOCKS = YES;
				GCC_WARN_64_TO_32_BIT_CONVERSION = YES;
				GCC_WARN_ABOUT_RETURN_TYPE = YES_ERROR;
				GCC_WARN_UNDECLARED_SELECTOR = YES;
				GCC_WARN_UNINITIALIZED_AUTOS = YES_AGGRESSIVE;
				GCC_WARN_UNUSED_FUNCTION = YES;
				GCC_WARN_UNUSED_VARIABLE = YES;
				LOCALIZATION_PREFERS_STRING_CATALOGS = YES;
				MTL_ENABLE_DEBUG_INFO = NO;
				MTL_FAST_MATH = YES;
				SWIFT_COMPILATION_MODE = wholemodule;
			};
			name = Release;
		};
		3F87ADFA2C29A26600113521 /* Debug */ = {
			isa = XCBuildConfiguration;
			baseConfigurationReference = E77D272E14D1174FEAE50A34 /* Pods-swiftDemo.debug.xcconfig */;
			buildSettings = {
				ASSETCATALOG_COMPILER_APPICON_NAME = AppIcon;
				ASSETCATALOG_COMPILER_GLOBAL_ACCENT_COLOR_NAME = AccentColor;
				CODE_SIGN_ENTITLEMENTS = swiftDemo/swiftDemo.entitlements;
				CODE_SIGN_STYLE = Automatic;
				CURRENT_PROJECT_VERSION = 1;
				DEVELOPMENT_ASSET_PATHS = "\"swiftDemo/Preview Content\"";
				DEVELOPMENT_TEAM = 6VZSR8F582;
				ENABLE_HARDENED_RUNTIME = NO;
				ENABLE_PREVIEWS = YES;
				GENERATE_INFOPLIST_FILE = YES;
				"INFOPLIST_KEY_UIApplicationSceneManifest_Generation[sdk=iphoneos*]" = YES;
				"INFOPLIST_KEY_UIApplicationSceneManifest_Generation[sdk=iphonesimulator*]" = YES;
				"INFOPLIST_KEY_UIApplicationSupportsIndirectInputEvents[sdk=iphoneos*]" = YES;
				"INFOPLIST_KEY_UIApplicationSupportsIndirectInputEvents[sdk=iphonesimulator*]" = YES;
				"INFOPLIST_KEY_UILaunchScreen_Generation[sdk=iphoneos*]" = YES;
				"INFOPLIST_KEY_UILaunchScreen_Generation[sdk=iphonesimulator*]" = YES;
				"INFOPLIST_KEY_UIStatusBarStyle[sdk=iphoneos*]" = UIStatusBarStyleDefault;
				"INFOPLIST_KEY_UIStatusBarStyle[sdk=iphonesimulator*]" = UIStatusBarStyleDefault;
				INFOPLIST_KEY_UISupportedInterfaceOrientations_iPad = "UIInterfaceOrientationPortrait UIInterfaceOrientationPortraitUpsideDown UIInterfaceOrientationLandscapeLeft UIInterfaceOrientationLandscapeRight";
				INFOPLIST_KEY_UISupportedInterfaceOrientations_iPhone = "UIInterfaceOrientationPortrait UIInterfaceOrientationLandscapeLeft UIInterfaceOrientationLandscapeRight";
				IPHONEOS_DEPLOYMENT_TARGET = 17.5;
				LD_RUNPATH_SEARCH_PATHS = "@executable_path/Frameworks";
				"LD_RUNPATH_SEARCH_PATHS[sdk=macosx*]" = "@executable_path/../Frameworks";
				MACOSX_DEPLOYMENT_TARGET = 14.4;
				MARKETING_VERSION = 1.0;
				PRODUCT_BUNDLE_IDENTIFIER = com.koobtc.top;
				PRODUCT_NAME = "$(TARGET_NAME)";
				SDKROOT = auto;
				SUPPORTED_PLATFORMS = "iphoneos iphonesimulator";
				SUPPORTS_MACCATALYST = NO;
				SWIFT_EMIT_LOC_STRINGS = YES;
				SWIFT_VERSION = 5.0;
				TARGETED_DEVICE_FAMILY = "1,2";
			};
			name = Debug;
		};
		3F87ADFB2C29A26600113521 /* Release */ = {
			isa = XCBuildConfiguration;
			baseConfigurationReference = C210F3ADB30E6241BEA33157 /* Pods-swiftDemo.release.xcconfig */;
			buildSettings = {
				ASSETCATALOG_COMPILER_APPICON_NAME = AppIcon;
				ASSETCATALOG_COMPILER_GLOBAL_ACCENT_COLOR_NAME = AccentColor;
				CODE_SIGN_ENTITLEMENTS = swiftDemo/swiftDemo.entitlements;
				CODE_SIGN_STYLE = Automatic;
				CURRENT_PROJECT_VERSION = 1;
				DEVELOPMENT_ASSET_PATHS = "\"swiftDemo/Preview Content\"";
				DEVELOPMENT_TEAM = 6VZSR8F582;
				ENABLE_HARDENED_RUNTIME = NO;
				ENABLE_PREVIEWS = YES;
				GENERATE_INFOPLIST_FILE = YES;
				"INFOPLIST_KEY_UIApplicationSceneManifest_Generation[sdk=iphoneos*]" = YES;
				"INFOPLIST_KEY_UIApplicationSceneManifest_Generation[sdk=iphonesimulator*]" = YES;
				"INFOPLIST_KEY_UIApplicationSupportsIndirectInputEvents[sdk=iphoneos*]" = YES;
				"INFOPLIST_KEY_UIApplicationSupportsIndirectInputEvents[sdk=iphonesimulator*]" = YES;
				"INFOPLIST_KEY_UILaunchScreen_Generation[sdk=iphoneos*]" = YES;
				"INFOPLIST_KEY_UILaunchScreen_Generation[sdk=iphonesimulator*]" = YES;
				"INFOPLIST_KEY_UIStatusBarStyle[sdk=iphoneos*]" = UIStatusBarStyleDefault;
				"INFOPLIST_KEY_UIStatusBarStyle[sdk=iphonesimulator*]" = UIStatusBarStyleDefault;
				INFOPLIST_KEY_UISupportedInterfaceOrientations_iPad = "UIInterfaceOrientationPortrait UIInterfaceOrientationPortraitUpsideDown UIInterfaceOrientationLandscapeLeft UIInterfaceOrientationLandscapeRight";
				INFOPLIST_KEY_UISupportedInterfaceOrientations_iPhone = "UIInterfaceOrientationPortrait UIInterfaceOrientationLandscapeLeft UIInterfaceOrientationLandscapeRight";
				IPHONEOS_DEPLOYMENT_TARGET = 17.5;
				LD_RUNPATH_SEARCH_PATHS = "@executable_path/Frameworks";
				"LD_RUNPATH_SEARCH_PATHS[sdk=macosx*]" = "@executable_path/../Frameworks";
				MACOSX_DEPLOYMENT_TARGET = 14.4;
				MARKETING_VERSION = 1.0;
				PRODUCT_BUNDLE_IDENTIFIER = com.koobtc.top;
				PRODUCT_NAME = "$(TARGET_NAME)";
				SDKROOT = auto;
				SUPPORTED_PLATFORMS = "iphoneos iphonesimulator";
				SUPPORTS_MACCATALYST = NO;
				SWIFT_EMIT_LOC_STRINGS = YES;
				SWIFT_VERSION = 5.0;
				TARGETED_DEVICE_FAMILY = "1,2";
			};
			name = Release;
		};
		3F87ADFD2C29A26600113521 /* Debug */ = {
			isa = XCBuildConfiguration;
			baseConfigurationReference = DDDA2A94D50834668AC712DD /* Pods-swiftDemoTests.debug.xcconfig */;
			buildSettings = {
				ALWAYS_EMBED_SWIFT_STANDARD_LIBRARIES = YES;
				BUNDLE_LOADER = "$(TEST_HOST)";
				CODE_SIGN_STYLE = Automatic;
				CURRENT_PROJECT_VERSION = 1;
				DEVELOPMENT_TEAM = 6VZSR8F582;
				GENERATE_INFOPLIST_FILE = YES;
				IPHONEOS_DEPLOYMENT_TARGET = 17.5;
				MACOSX_DEPLOYMENT_TARGET = 14.4;
				MARKETING_VERSION = 1.0;
				PRODUCT_BUNDLE_IDENTIFIER = com.swift.swiftDemoTests;
				PRODUCT_NAME = "$(TARGET_NAME)";
				SDKROOT = auto;
				SUPPORTED_PLATFORMS = "iphoneos iphonesimulator macosx";
				SWIFT_EMIT_LOC_STRINGS = NO;
				SWIFT_VERSION = 5.0;
				TARGETED_DEVICE_FAMILY = "1,2";
				TEST_HOST = "$(BUILT_PRODUCTS_DIR)/swiftDemo.app/$(BUNDLE_EXECUTABLE_FOLDER_PATH)/swiftDemo";
			};
			name = Debug;
		};
		3F87ADFE2C29A26600113521 /* Release */ = {
			isa = XCBuildConfiguration;
			baseConfigurationReference = BC6886D9354DD919C7BEF756 /* Pods-swiftDemoTests.release.xcconfig */;
			buildSettings = {
				ALWAYS_EMBED_SWIFT_STANDARD_LIBRARIES = YES;
				BUNDLE_LOADER = "$(TEST_HOST)";
				CODE_SIGN_STYLE = Automatic;
				CURRENT_PROJECT_VERSION = 1;
				DEVELOPMENT_TEAM = 6VZSR8F582;
				GENERATE_INFOPLIST_FILE = YES;
				IPHONEOS_DEPLOYMENT_TARGET = 17.5;
				MACOSX_DEPLOYMENT_TARGET = 14.4;
				MARKETING_VERSION = 1.0;
				PRODUCT_BUNDLE_IDENTIFIER = com.swift.swiftDemoTests;
				PRODUCT_NAME = "$(TARGET_NAME)";
				SDKROOT = auto;
				SUPPORTED_PLATFORMS = "iphoneos iphonesimulator macosx";
				SWIFT_EMIT_LOC_STRINGS = NO;
				SWIFT_VERSION = 5.0;
				TARGETED_DEVICE_FAMILY = "1,2";
				TEST_HOST = "$(BUILT_PRODUCTS_DIR)/swiftDemo.app/$(BUNDLE_EXECUTABLE_FOLDER_PATH)/swiftDemo";
			};
			name = Release;
		};
		3F87AE002C29A26600113521 /* Debug */ = {
			isa = XCBuildConfiguration;
			baseConfigurationReference = 747AD9A6DCB633A134AC7B9A /* Pods-swiftDemo-swiftDemoUITests.debug.xcconfig */;
			buildSettings = {
				ALWAYS_EMBED_SWIFT_STANDARD_LIBRARIES = YES;
				CODE_SIGN_STYLE = Automatic;
				CURRENT_PROJECT_VERSION = 1;
				DEVELOPMENT_TEAM = 6VZSR8F582;
				GENERATE_INFOPLIST_FILE = YES;
				IPHONEOS_DEPLOYMENT_TARGET = 17.5;
				MACOSX_DEPLOYMENT_TARGET = 14.4;
				MARKETING_VERSION = 1.0;
				PRODUCT_BUNDLE_IDENTIFIER = com.swift.swiftDemoUITests;
				PRODUCT_NAME = "$(TARGET_NAME)";
				SDKROOT = auto;
				SUPPORTED_PLATFORMS = "iphoneos iphonesimulator macosx";
				SWIFT_EMIT_LOC_STRINGS = NO;
				SWIFT_VERSION = 5.0;
				TARGETED_DEVICE_FAMILY = "1,2";
				TEST_TARGET_NAME = swiftDemo;
			};
			name = Debug;
		};
		3F87AE012C29A26600113521 /* Release */ = {
			isa = XCBuildConfiguration;
			baseConfigurationReference = 7B179649BBCAE4AA9F0C4045 /* Pods-swiftDemo-swiftDemoUITests.release.xcconfig */;
			buildSettings = {
				ALWAYS_EMBED_SWIFT_STANDARD_LIBRARIES = YES;
				CODE_SIGN_STYLE = Automatic;
				CURRENT_PROJECT_VERSION = 1;
				DEVELOPMENT_TEAM = 6VZSR8F582;
				GENERATE_INFOPLIST_FILE = YES;
				IPHONEOS_DEPLOYMENT_TARGET = 17.5;
				MACOSX_DEPLOYMENT_TARGET = 14.4;
				MARKETING_VERSION = 1.0;
				PRODUCT_BUNDLE_IDENTIFIER = com.swift.swiftDemoUITests;
				PRODUCT_NAME = "$(TARGET_NAME)";
				SDKROOT = auto;
				SUPPORTED_PLATFORMS = "iphoneos iphonesimulator macosx";
				SWIFT_EMIT_LOC_STRINGS = NO;
				SWIFT_VERSION = 5.0;
				TARGETED_DEVICE_FAMILY = "1,2";
				TEST_TARGET_NAME = swiftDemo;
			};
			name = Release;
		};
/* End XCBuildConfiguration section */

/* Begin XCConfigurationList section */
		3F87ADCF2C29A26500113521 /* Build configuration list for PBXProject "swiftDemo" */ = {
			isa = XCConfigurationList;
			buildConfigurations = (
				3F87ADF72C29A26600113521 /* Debug */,
				3F87ADF82C29A26600113521 /* Release */,
			);
			defaultConfigurationIsVisible = 0;
			defaultConfigurationName = Release;
		};
		3F87ADF92C29A26600113521 /* Build configuration list for PBXNativeTarget "swiftDemo" */ = {
			isa = XCConfigurationList;
			buildConfigurations = (
				3F87ADFA2C29A26600113521 /* Debug */,
				3F87ADFB2C29A26600113521 /* Release */,
			);
			defaultConfigurationIsVisible = 0;
			defaultConfigurationName = Release;
		};
		3F87ADFC2C29A26600113521 /* Build configuration list for PBXNativeTarget "swiftDemoTests" */ = {
			isa = XCConfigurationList;
			buildConfigurations = (
				3F87ADFD2C29A26600113521 /* Debug */,
				3F87ADFE2C29A26600113521 /* Release */,
			);
			defaultConfigurationIsVisible = 0;
			defaultConfigurationName = Release;
		};
		3F87ADFF2C29A26600113521 /* Build configuration list for PBXNativeTarget "swiftDemoUITests" */ = {
			isa = XCConfigurationList;
			buildConfigurations = (
				3F87AE002C29A26600113521 /* Debug */,
				3F87AE012C29A26600113521 /* Release */,
			);
			defaultConfigurationIsVisible = 0;
			defaultConfigurationName = Release;
		};
/* End XCConfigurationList section */
	};
	rootObject = 3F87ADCC2C29A26500113521 /* Project object */;
}
